
Microsoft Visual Studio Solution File, Format Version 12.00
# Visual Studio 14
VisualStudioVersion = 14.0.24720.0
MinimumVisualStudioVersion = 10.0.40219.1
Project("{2150E333-8FDC-42A3-9474-1A3956D46DE8}") = "Solution Items", "Solution Items", "{6B5025E1-A146-42D5-BD08-FDACE16D5715}"
EndProject
Project("{FAE04EC0-301F-11D3-BF4B-00C04F79EFBC}") = "Examples", "Examples\Examples.csproj", "{42BB53C4-DE80-4198-920A-0A6738DEE677}"
EndProject
Project("{FAE04EC0-301F-11D3-BF4B-00C04F79EFBC}") = "GEDCOMConverter", "GEDCOMConverter\GEDCOMConverter.csproj", "{B008122B-7D88-467F-82BC-712E20753AFA}"
EndProject
Global
	GlobalSection(SolutionConfigurationPlatforms) = preSolution
		Debug|Any CPU = Debug|Any CPU
		Release|Any CPU = Release|Any CPU
	EndGlobalSection
	GlobalSection(ProjectConfigurationPlatforms) = postSolution
		{42BB53C4-DE80-4198-920A-0A6738DEE677}.Debug|Any CPU.ActiveCfg = Debug|Any CPU
		{42BB53C4-DE80-4198-920A-0A6738DEE677}.Debug|Any CPU.Build.0 = Debug|Any CPU
		{42BB53C4-DE80-4198-920A-0A6738DEE677}.Release|Any CPU.ActiveCfg = Release|Any CPU
		{42BB53C4-DE80-4198-920A-0A6738DEE677}.Release|Any CPU.Build.0 = Release|Any CPU
		{B008122B-7D88-467F-82BC-712E20753AFA}.Debug|Any CPU.ActiveCfg = Debug|Any CPU
		{B008122B-7D88-467F-82BC-712E20753AFA}.Debug|Any CPU.Build.0 = Debug|Any CPU
		{B008122B-7D88-467F-82BC-712E20753AFA}.Release|Any CPU.ActiveCfg = Release|Any CPU
		{B008122B-7D88-467F-82BC-712E20753AFA}.Release|Any CPU.Build.0 = Release|Any CPU
	EndGlobalSection
	GlobalSection(SolutionProperties) = preSolution
		HideSolutionNode = FALSE
	EndGlobalSection
EndGlobal
